
Microsoft Visual Studio Solution File, Format Version 12.00
# Visual Studio 15
VisualStudioVersion = 15.0.27004.2006
MinimumVisualStudioVersion = 10.0.40219.1
Project("{9A19103F-16F7-4668-BE54-9A1E7A4F7556}") = "BlackFriday", "BlackFriday\BlackFriday.csproj", "{55A97260-70B7-490A-9578-7BFC58C9B3D6}"
EndProject
Project("{9A19103F-16F7-4668-BE54-9A1E7A4F7556}") = "IEGEasyCreditCardService", "IEGEasyCreditCardService\IEGEasyCreditCardService.csproj", "{2E7B89A5-C69E-4D82-AD7F-25F49789B557}"
EndProject
Project("{9A19103F-16F7-4668-BE54-9A1E7A4F7556}") = "ProductCatalogeLocal", "ProductCatalogeLocal\ProductCatalogeLocal.csproj", "{0FC20AB2-19EC-4B1C-B23D-554D2CB8EDD9}"
EndProject
Project("{9A19103F-16F7-4668-BE54-9A1E7A4F7556}") = "ProductCatalogeFTP", "ProductCatalogeFTP\ProductCatalogeFTP.csproj", "{FA3EB379-4985-4E51-A56C-3714485275E0}"
EndProject
Project("{FAE04EC0-301F-11D3-BF4B-00C04F79EFBC}") = "PaymentService", "PaymentService\PaymentService.csproj", "{54582DF0-B947-4CD6-8FB5-97CF4BB143F3}"
EndProject
Global
	GlobalSection(SolutionConfigurationPlatforms) = preSolution
		Debug|Any CPU = Debug|Any CPU
		Release|Any CPU = Release|Any CPU
	EndGlobalSection
	GlobalSection(ProjectConfigurationPlatforms) = postSolution
		{55A97260-70B7-490A-9578-7BFC58C9B3D6}.Debug|Any CPU.ActiveCfg = Debug|Any CPU
		{55A97260-70B7-490A-9578-7BFC58C9B3D6}.Debug|Any CPU.Build.0 = Debug|Any CPU
		{55A97260-70B7-490A-9578-7BFC58C9B3D6}.Release|Any CPU.ActiveCfg = Release|Any CPU
		{55A97260-70B7-490A-9578-7BFC58C9B3D6}.Release|Any CPU.Build.0 = Release|Any CPU
		{2E7B89A5-C69E-4D82-AD7F-25F49789B557}.Debug|Any CPU.ActiveCfg = Debug|Any CPU
		{2E7B89A5-C69E-4D82-AD7F-25F49789B557}.Debug|Any CPU.Build.0 = Debug|Any CPU
		{2E7B89A5-C69E-4D82-AD7F-25F49789B557}.Release|Any CPU.ActiveCfg = Release|Any CPU
		{2E7B89A5-C69E-4D82-AD7F-25F49789B557}.Release|Any CPU.Build.0 = Release|Any CPU
		{0FC20AB2-19EC-4B1C-B23D-554D2CB8EDD9}.Debug|Any CPU.ActiveCfg = Debug|Any CPU
		{0FC20AB2-19EC-4B1C-B23D-554D2CB8EDD9}.Debug|Any CPU.Build.0 = Debug|Any CPU
		{0FC20AB2-19EC-4B1C-B23D-554D2CB8EDD9}.Release|Any CPU.ActiveCfg = Release|Any CPU
		{0FC20AB2-19EC-4B1C-B23D-554D2CB8EDD9}.Release|Any CPU.Build.0 = Release|Any CPU
		{FA3EB379-4985-4E51-A56C-3714485275E0}.Debug|Any CPU.ActiveCfg = Debug|Any CPU
		{FA3EB379-4985-4E51-A56C-3714485275E0}.Debug|Any CPU.Build.0 = Debug|Any CPU
		{FA3EB379-4985-4E51-A56C-3714485275E0}.Release|Any CPU.ActiveCfg = Release|Any CPU
		{FA3EB379-4985-4E51-A56C-3714485275E0}.Release|Any CPU.Build.0 = Release|Any CPU
		{54582DF0-B947-4CD6-8FB5-97CF4BB143F3}.Debug|Any CPU.ActiveCfg = Debug|Any CPU
		{54582DF0-B947-4CD6-8FB5-97CF4BB143F3}.Debug|Any CPU.Build.0 = Debug|Any CPU
		{54582DF0-B947-4CD6-8FB5-97CF4BB143F3}.Release|Any CPU.ActiveCfg = Release|Any CPU
		{54582DF0-B947-4CD6-8FB5-97CF4BB143F3}.Release|Any CPU.Build.0 = Release|Any CPU
	EndGlobalSection
	GlobalSection(SolutionProperties) = preSolution
		HideSolutionNode = FALSE
	EndGlobalSection
	GlobalSection(ExtensibilityGlobals) = postSolution
		SolutionGuid = {3C31E0F8-78F5-4233-9E5F-B8C28EE63861}
	EndGlobalSection
EndGlobal
